<?xml version="1.0" encoding="UTF-8"?>
<CONFIG>
  <ProjectOptions>
    <Version Value="9"/>
    <General>
      <MainUnit Value="0"/>
      <Title Value="Escape v1.2.5a"/>
      <ResourceType Value="res"/>
      <UseXPManifest Value="True"/>
      <Icon Value="0"/>
    </General>
    <VersionInfo>
      <Language Value=""/>
      <CharSet Value=""/>
      <StringTable ProductVersion=""/>
    </VersionInfo>
    <BuildModes Count="4" Active="debug">
      <Item1 Name="default" Default="True"/>
      <Item2 Name="release">
        <CompilerOptions>
          <Version Value="11"/>
          <SearchPaths>
            <IncludeFiles Value="$(ProjOutDir)"/>
          </SearchPaths>
          <Parsing>
            <SyntaxOptions>
              <SyntaxMode Value="Delphi"/>
            </SyntaxOptions>
          </Parsing>
          <CodeGeneration>
            <SmartLinkUnit Value="True"/>
            <Optimizations>
              <OptimizationLevel Value="2"/>
            </Optimizations>
          </CodeGeneration>
          <Linking>
            <Debugging>
              <GenerateDebugInfo Value="False"/>
              <UseLineInfoUnit Value="False"/>
            </Debugging>
            <LinkSmart Value="True"/>
          </Linking>
        </CompilerOptions>
      </Item2>
      <Item3 Name="debug">
        <CompilerOptions>
          <Version Value="11"/>
          <SearchPaths>
            <IncludeFiles Value="$(ProjOutDir)"/>
          </SearchPaths>
          <Parsing>
            <SyntaxOptions>
              <SyntaxMode Value="Delphi"/>
            </SyntaxOptions>
          </Parsing>
          <Linking>
            <Debugging>
              <DebugInfoType Value="dsDwarf2Set"/>
              <UseLineInfoUnit Value="False"/>
              <UseExternalDbgSyms Value="True"/>
            </Debugging>
          </Linking>
        </CompilerOptions>
      </Item3>
      <Item4 Name="valgrind">
        <CompilerOptions>
          <Version Value="11"/>
          <SearchPaths>
            <IncludeFiles Value="$(ProjOutDir)"/>
          </SearchPaths>
          <Parsing>
            <SyntaxOptions>
              <SyntaxMode Value="Delphi"/>
            </SyntaxOptions>
          </Parsing>
          <Linking>
            <Debugging>
              <DebugInfoType Value="dsDwarf2Set"/>
              <UseLineInfoUnit Value="False"/>
            </Debugging>
          </Linking>
          <Other>
            <CustomOptions Value="-gv"/>
          </Other>
        </CompilerOptions>
      </Item4>
    </BuildModes>
    <PublishOptions>
      <Version Value="2"/>
      <IgnoreBinaries Value="False"/>
      <IncludeFileFilter Value="*.(pas|pp|inc|lfm|lpr|lrs|lpi|lpk|sh|xml)"/>
      <ExcludeFileFilter Value="*.(bak|ppu|ppw|o|so);*~;backup"/>
    </PublishOptions>
    <RunParams>
      <local>
        <FormatVersion Value="1"/>
        <LaunchingApplication PathPlusParams="/usr/X11R6/bin/xterm -T 'Lazarus Run Output' -e $(LazarusDir)/tools/runwait.sh $(TargetCmdLine)"/>
      </local>
    </RunParams>
    <RequiredPackages Count="2">
      <Item1>
        <PackageName Value="LCL"/>
      </Item1>
      <Item2>
        <PackageName Value="EscapeComponents"/>
      </Item2>
    </RequiredPackages>
    <Units Count="20">
      <Unit0>
        <Filename Value="Escape.lpr"/>
        <IsPartOfProject Value="True"/>
        <EditorIndex Value="6"/>
        <CursorPos X="18" Y="28"/>
        <UsageCount Value="53"/>
        <Loaded Value="True"/>
        <LoadedDesigner Value="True"/>
        <DefaultSyntaxHighlighter Value="Delphi"/>
      </Unit0>
      <Unit1>
        <Filename Value="main.pas"/>
        <IsPartOfProject Value="True"/>
        <ComponentName Value="MainForm"/>
        <HasResources Value="True"/>
        <ResourceBaseClass Value="Form"/>
        <UnitName Value="Main"/>
        <EditorIndex Value="8"/>
        <TopLine Value="35"/>
        <CursorPos X="70" Y="57"/>
        <UsageCount Value="53"/>
        <Loaded Value="True"/>
        <LoadedDesigner Value="True"/>
        <DefaultSyntaxHighlighter Value="Delphi"/>
      </Unit1>
      <Unit2>
        <Filename Value="common.pas"/>
        <IsPartOfProject Value="True"/>
        <UnitName Value="Common"/>
        <EditorIndex Value="3"/>
        <TopLine Value="1966"/>
        <CursorPos X="69" Y="1994"/>
        <UsageCount Value="53"/>
        <Bookmarks Count="1">
          <Item0 X="8" Y="816" ID="3"/>
        </Bookmarks>
        <Loaded Value="True"/>
        <DefaultSyntaxHighlighter Value="Delphi"/>
      </Unit2>
      <Unit3>
        <Filename Value="config.pas"/>
        <IsPartOfProject Value="True"/>
        <ComponentName Value="ConfigForm"/>
        <HasResources Value="True"/>
        <ResourceBaseClass Value="Form"/>
        <UnitName Value="Config"/>
        <EditorIndex Value="13"/>
        <TopLine Value="93"/>
        <CursorPos X="16" Y="115"/>
        <UsageCount Value="53"/>
        <Loaded Value="True"/>
        <DefaultSyntaxHighlighter Value="Delphi"/>
      </Unit3>
      <Unit4>
        <Filename Value="datamem.pas"/>
        <IsPartOfProject Value="True"/>
        <ComponentName Value="DmemForm"/>
        <HasResources Value="True"/>
        <ResourceBaseClass Value="Form"/>
        <UsageCount Value="53"/>
        <DefaultSyntaxHighlighter Value="Delphi"/>
      </Unit4>
      <Unit5>
        <Filename Value="micro.pas"/>
        <IsPartOfProject Value="True"/>
        <ComponentName Value="MicroForm"/>
        <HasResources Value="True"/>
        <ResourceBaseClass Value="Form"/>
        <UnitName Value="Micro"/>
        <IsVisibleTab Value="True"/>
        <TopLine Value="956"/>
        <CursorPos Y="964"/>
        <UsageCount Value="53"/>
        <Loaded Value="True"/>
        <LoadedDesigner Value="True"/>
        <DefaultSyntaxHighlighter Value="Delphi"/>
      </Unit5>
      <Unit6>
        <Filename Value="pipe.pas"/>
        <IsPartOfProject Value="True"/>
        <ComponentName Value="PipeForm"/>
        <HasResources Value="True"/>
        <ResourceBaseClass Value="Form"/>
        <UnitName Value="Pipe"/>
        <EditorIndex Value="1"/>
        <TopLine Value="217"/>
        <CursorPos X="10" Y="256"/>
        <UsageCount Value="53"/>
        <Loaded Value="True"/>
        <LoadedDesigner Value="True"/>
        <DefaultSyntaxHighlighter Value="Delphi"/>
      </Unit6>
      <Unit7>
        <Filename Value="usage.pas"/>
        <IsPartOfProject Value="True"/>
        <ComponentName Value="UsageForm"/>
        <HasResources Value="True"/>
        <ResourceBaseClass Value="Form"/>
        <UnitName Value="Usage"/>
        <EditorIndex Value="2"/>
        <TopLine Value="31"/>
        <CursorPos X="13" Y="49"/>
        <UsageCount Value="53"/>
        <Bookmarks Count="1">
          <Item0 X="44" Y="50" ID="7"/>
        </Bookmarks>
        <Loaded Value="True"/>
        <LoadedDesigner Value="True"/>
        <DefaultSyntaxHighlighter Value="Delphi"/>
      </Unit7>
      <Unit8>
        <Filename Value="activity.pas"/>
        <IsPartOfProject Value="True"/>
        <ComponentName Value="ActivityForm"/>
        <HasResources Value="True"/>
        <ResourceBaseClass Value="Form"/>
        <UnitName Value="Activity"/>
        <EditorIndex Value="4"/>
        <TopLine Value="66"/>
        <CursorPos Y="80"/>
        <UsageCount Value="53"/>
        <Bookmarks Count="1">
          <Item0 X="30" Y="80" ID="4"/>
        </Bookmarks>
        <Loaded Value="True"/>
        <LoadedDesigner Value="True"/>
        <DefaultSyntaxHighlighter Value="Delphi"/>
      </Unit8>
      <Unit9>
        <Filename Value="instrmem.pas"/>
        <IsPartOfProject Value="True"/>
        <ComponentName Value="ImemForm"/>
        <HasResources Value="True"/>
        <ResourceBaseClass Value="Form"/>
        <UnitName Value="InstrMem"/>
        <EditorIndex Value="5"/>
        <TopLine Value="466"/>
        <CursorPos X="52" Y="476"/>
        <UsageCount Value="53"/>
        <Loaded Value="True"/>
        <LoadedDesigner Value="True"/>
        <DefaultSyntaxHighlighter Value="Delphi"/>
      </Unit9>
      <Unit10>
        <Filename Value="range.pas"/>
        <IsPartOfProject Value="True"/>
        <ComponentName Value="RangeForm"/>
        <HasResources Value="True"/>
        <ResourceBaseClass Value="Form"/>
        <UnitName Value="Range"/>
        <EditorIndex Value="9"/>
        <UsageCount Value="53"/>
        <Loaded Value="True"/>
        <LoadedDesigner Value="True"/>
        <DefaultSyntaxHighlighter Value="Delphi"/>
      </Unit10>
      <Unit11>
        <Filename Value="pipedef.pas"/>
        <IsPartOfProject Value="True"/>
        <ComponentName Value="PipeCode"/>
        <HasResources Value="True"/>
        <ResourceBaseClass Value="Form"/>
        <UnitName Value="PipeDef"/>
        <EditorIndex Value="10"/>
        <TopLine Value="236"/>
        <CursorPos X="31" Y="268"/>
        <UsageCount Value="53"/>
        <Loaded Value="True"/>
        <LoadedDesigner Value="True"/>
        <DefaultSyntaxHighlighter Value="Delphi"/>
      </Unit11>
      <Unit12>
        <Filename Value="microcod.pas"/>
        <IsPartOfProject Value="True"/>
        <ComponentName Value="MicroCode"/>
        <HasResources Value="True"/>
        <ResourceBaseClass Value="Form"/>
        <UnitName Value="MicroCod"/>
        <EditorIndex Value="11"/>
        <UsageCount Value="53"/>
        <Loaded Value="True"/>
        <LoadedDesigner Value="True"/>
        <DefaultSyntaxHighlighter Value="Delphi"/>
      </Unit12>
      <Unit13>
        <Filename Value="brkform.pas"/>
        <IsPartOfProject Value="True"/>
        <ComponentName Value="BreakForm"/>
        <HasResources Value="True"/>
        <ResourceBaseClass Value="Form"/>
        <UnitName Value="BrkForm"/>
        <EditorIndex Value="14"/>
        <UsageCount Value="53"/>
        <Loaded Value="True"/>
        <LoadedDesigner Value="True"/>
        <DefaultSyntaxHighlighter Value="Delphi"/>
      </Unit13>
      <Unit14>
        <Filename Value="about.pas"/>
        <IsPartOfProject Value="True"/>
        <ComponentName Value="AboutForm"/>
        <HasResources Value="True"/>
        <ResourceBaseClass Value="Form"/>
        <UnitName Value="About"/>
        <EditorIndex Value="15"/>
        <TopLine Value="8"/>
        <CursorPos X="72" Y="18"/>
        <UsageCount Value="53"/>
        <Loaded Value="True"/>
        <LoadedDesigner Value="True"/>
        <DefaultSyntaxHighlighter Value="Delphi"/>
      </Unit14>
      <Unit15>
        <Filename Value="EscapeComponents/compos.pas"/>
        <UnitName Value="Compos"/>
        <EditorIndex Value="7"/>
        <TopLine Value="312"/>
        <CursorPos Y="347"/>
        <UsageCount Value="26"/>
        <Loaded Value="True"/>
      </Unit15>
      <Unit16>
        <Filename Value=""/>
        <UsageCount Value="8"/>
        <DefaultSyntaxHighlighter Value="None"/>
      </Unit16>
      <Unit17>
        <Filename Value="EscapeComponents/newstr.pas"/>
        <UnitName Value="NewStr"/>
        <EditorIndex Value="-1"/>
        <UsageCount Value="26"/>
      </Unit17>
      <Unit18>
        <Filename Value="main.lfm"/>
        <UsageCount Value="8"/>
        <DefaultSyntaxHighlighter Value="LFM"/>
      </Unit18>
      <Unit19>
        <Filename Value="/Data/dev/lazarus-1.4/lcl/grids.pas"/>
        <UnitName Value="Grids"/>
        <EditorIndex Value="12"/>
        <TopLine Value="538"/>
        <CursorPos X="42" Y="560"/>
        <UsageCount Value="11"/>
        <Loaded Value="True"/>
      </Unit19>
    </Units>
    <JumpHistory Count="30" HistoryIndex="29">
      <Position1>
        <Filename Value="microcod.pas"/>
        <Caret Line="846" Column="12" TopLine="814"/>
      </Position1>
      <Position2>
        <Filename Value="microcod.pas"/>
      </Position2>
      <Position3>
        <Filename Value="microcod.pas"/>
        <Caret Line="186" Column="24" TopLine="148"/>
      </Position3>
      <Position4>
        <Filename Value="microcod.pas"/>
        <Caret Line="846" Column="12" TopLine="807"/>
      </Position4>
      <Position5>
        <Filename Value="microcod.pas"/>
        <Caret Line="862" Column="12" TopLine="823"/>
      </Position5>
      <Position6>
        <Filename Value="microcod.pas"/>
        <Caret Line="877" Column="12" TopLine="838"/>
      </Position6>
      <Position7>
        <Filename Value="microcod.pas"/>
        <Caret Line="924" Column="14" TopLine="885"/>
      </Position7>
      <Position8>
        <Filename Value="microcod.pas"/>
        <Caret Line="1264" Column="14" TopLine="1225"/>
      </Position8>
      <Position9>
        <Filename Value="microcod.pas"/>
        <Caret Line="1275" Column="12" TopLine="1247"/>
      </Position9>
      <Position10>
        <Filename Value="microcod.pas"/>
        <Caret Line="1310" Column="31" TopLine="1267"/>
      </Position10>
      <Position11>
        <Filename Value="microcod.pas"/>
        <Caret Line="1314" Column="22" TopLine="1275"/>
      </Position11>
      <Position12>
        <Filename Value="microcod.pas"/>
        <Caret Line="1448" Column="12" TopLine="1409"/>
      </Position12>
      <Position13>
        <Filename Value="microcod.pas"/>
        <Caret Line="1453" Column="12" TopLine="1422"/>
      </Position13>
      <Position14>
        <Filename Value="microcod.pas"/>
        <Caret Line="186" Column="24" TopLine="165"/>
      </Position14>
      <Position15>
        <Filename Value="microcod.pas"/>
        <Caret Line="638" TopLine="606"/>
      </Position15>
      <Position16>
        <Filename Value="microcod.pas"/>
        <Caret Line="637" Column="6" TopLine="606"/>
      </Position16>
      <Position17>
        <Filename Value="microcod.pas"/>
        <Caret Line="638" Column="15" TopLine="611"/>
      </Position17>
      <Position18>
        <Filename Value="microcod.pas"/>
        <Caret Line="648" Column="10" TopLine="610"/>
      </Position18>
      <Position19>
        <Filename Value="microcod.pas"/>
        <Caret Line="1360" Column="14" TopLine="1346"/>
      </Position19>
      <Position20>
        <Filename Value="microcod.pas"/>
        <Caret Line="1111" Column="12" TopLine="1095"/>
      </Position20>
      <Position21>
        <Filename Value="microcod.pas"/>
        <Caret Line="653" Column="3" TopLine="686"/>
      </Position21>
      <Position22>
        <Filename Value="micro.pas"/>
        <Caret Line="1076" Column="22" TopLine="1063"/>
      </Position22>
      <Position23>
        <Filename Value="common.pas"/>
        <Caret Line="1944" Column="6" TopLine="1938"/>
      </Position23>
      <Position24>
        <Filename Value="common.pas"/>
        <Caret Line="1991" Column="10" TopLine="1970"/>
      </Position24>
      <Position25>
        <Filename Value="common.pas"/>
        <Caret Line="1981" Column="10" TopLine="1971"/>
      </Position25>
      <Position26>
        <Filename Value="micro.pas"/>
        <Caret Line="1076" Column="22" TopLine="1063"/>
      </Position26>
      <Position27>
        <Filename Value="common.pas"/>
        <Caret Line="445" Column="10" TopLine="438"/>
      </Position27>
      <Position28>
        <Filename Value="microcod.pas"/>
        <Caret Line="729" Column="81" TopLine="525"/>
      </Position28>
      <Position29>
        <Filename Value="micro.pas"/>
      </Position29>
      <Position30>
        <Filename Value="micro.pas"/>
        <Caret Line="964" TopLine="956"/>
      </Position30>
    </JumpHistory>
  </ProjectOptions>
  <CompilerOptions>
    <Version Value="11"/>
    <SearchPaths>
      <IncludeFiles Value="$(ProjOutDir)"/>
    </SearchPaths>
    <Parsing>
      <SyntaxOptions>
        <SyntaxMode Value="Delphi"/>
      </SyntaxOptions>
    </Parsing>
  </CompilerOptions>
  <Debugging>
    <Exceptions Count="5">
      <Item1>
        <Name Value="EAbort"/>
      </Item1>
      <Item2>
        <Name Value="ECodetoolError"/>
      </Item2>
      <Item3>
        <Name Value="EFOpenError"/>
      </Item3>
      <Item4>
        <Name Value="EConvertError"/>
      </Item4>
      <Item5>
        <Name Value="TMicroCodeEntryException"/>
      </Item5>
    </Exceptions>
  </Debugging>
</CONFIG>
